// !$*UTF8*$!
{
	archiveVersion = 1;
	classes = {
	};
	objectVersion = 56;
	objects = {

/* Begin PBXBuildFile section */
		3A783BA62B0B402A009BB970 /* EventEditor.swift in Sources */ = {isa = PBXBuildFile; fileRef = 3A783BA52B0B402A009BB970 /* EventEditor.swift */; };
		3A783BA82B0B58A1009BB970 /* EventRow.swift in Sources */ = {isa = PBXBuildFile; fileRef = 3A783BA72B0B58A1009BB970 /* EventRow.swift */; };
		3A783BAA2B0B61B0009BB970 /* TaskRow.swift in Sources */ = {isa = PBXBuildFile; fileRef = 3A783BA92B0B61B0009BB970 /* TaskRow.swift */; };
		3A8C3F422B0CA80B00A7BFFB /* EventDetail.swift in Sources */ = {isa = PBXBuildFile; fileRef = 3A8C3F412B0CA80B00A7BFFB /* EventDetail.swift */; };
		3ADD45D82AF4D6F3006FF4AC /* ListPageView.swift in Sources */ = {isa = PBXBuildFile; fileRef = 3ADD45D72AF4D6F3006FF4AC /* ListPageView.swift */; };
		3ADD45DA2AF4E41C006FF4AC /* NavigationEnum.swift in Sources */ = {isa = PBXBuildFile; fileRef = 3ADD45D92AF4E41C006FF4AC /* NavigationEnum.swift */; };
		3ADD45DC2AF4EA90006FF4AC /* NoDataView.swift in Sources */ = {isa = PBXBuildFile; fileRef = 3ADD45DB2AF4EA90006FF4AC /* NoDataView.swift */; };
		3AEA9DA72AF48819004E2FE1 /* TestSwiftUIApp.swift in Sources */ = {isa = PBXBuildFile; fileRef = 3AEA9DA62AF48819004E2FE1 /* TestSwiftUIApp.swift */; };
		3AEA9DA92AF48819004E2FE1 /* ContentView.swift in Sources */ = {isa = PBXBuildFile; fileRef = 3AEA9DA82AF48819004E2FE1 /* ContentView.swift */; };
		3AEA9DAB2AF4881A004E2FE1 /* Assets.xcassets in Resources */ = {isa = PBXBuildFile; fileRef = 3AEA9DAA2AF4881A004E2FE1 /* Assets.xcassets */; };
		3AEA9DAF2AF4881A004E2FE1 /* Preview Assets.xcassets in Resources */ = {isa = PBXBuildFile; fileRef = 3AEA9DAE2AF4881A004E2FE1 /* Preview Assets.xcassets */; };
		3AEA9DB92AF4881A004E2FE1 /* TestSwiftUITests.swift in Sources */ = {isa = PBXBuildFile; fileRef = 3AEA9DB82AF4881A004E2FE1 /* TestSwiftUITests.swift */; };
		3AEA9DC32AF4881A004E2FE1 /* TestSwiftUIUITests.swift in Sources */ = {isa = PBXBuildFile; fileRef = 3AEA9DC22AF4881A004E2FE1 /* TestSwiftUIUITests.swift */; };
		3AEA9DC52AF4881A004E2FE1 /* TestSwiftUIUITestsLaunchTests.swift in Sources */ = {isa = PBXBuildFile; fileRef = 3AEA9DC42AF4881A004E2FE1 /* TestSwiftUIUITestsLaunchTests.swift */; };
		3AEA9DD22AF49213004E2FE1 /* HomeView.swift in Sources */ = {isa = PBXBuildFile; fileRef = 3AEA9DD12AF49213004E2FE1 /* HomeView.swift */; };
		3AEA9DD42AF4923D004E2FE1 /* FunFactView.swift in Sources */ = {isa = PBXBuildFile; fileRef = 3AEA9DD32AF4923D004E2FE1 /* FunFactView.swift */; };
		3AEA9DD62AF49252004E2FE1 /* StoryView.swift in Sources */ = {isa = PBXBuildFile; fileRef = 3AEA9DD52AF49252004E2FE1 /* StoryView.swift */; };
		3AEA9DD82AF4925F004E2FE1 /* FavoriteView.swift in Sources */ = {isa = PBXBuildFile; fileRef = 3AEA9DD72AF4925F004E2FE1 /* FavoriteView.swift */; };
		3AEA9DDA2AF49437004E2FE1 /* Data.swift in Sources */ = {isa = PBXBuildFile; fileRef = 3AEA9DD92AF49437004E2FE1 /* Data.swift */; };
		3DB9853F2AF6643700E8FD1E /* EventTask.swift in Sources */ = {isa = PBXBuildFile; fileRef = 3DB9853B2AF6643600E8FD1E /* EventTask.swift */; };
		3DB985402AF6643700E8FD1E /* Event.swift in Sources */ = {isa = PBXBuildFile; fileRef = 3DB9853C2AF6643700E8FD1E /* Event.swift */; };
		3DB985412AF6643700E8FD1E /* ColorOptions.swift in Sources */ = {isa = PBXBuildFile; fileRef = 3DB9853D2AF6643700E8FD1E /* ColorOptions.swift */; };
		3DB985422AF6643700E8FD1E /* EventSymbols.swift in Sources */ = {isa = PBXBuildFile; fileRef = 3DB9853E2AF6643700E8FD1E /* EventSymbols.swift */; };
		3DB985452AF67E9E00E8FD1E /* EventData.swift in Sources */ = {isa = PBXBuildFile; fileRef = 3DB985442AF67E9E00E8FD1E /* EventData.swift */; };
		3DB985472AF67EE300E8FD1E /* DatePlannerView.swift in Sources */ = {isa = PBXBuildFile; fileRef = 3DB985462AF67EE300E8FD1E /* DatePlannerView.swift */; };
		3DB9854B2AF694DD00E8FD1E /* CustomLabelStyle.swift in Sources */ = {isa = PBXBuildFile; fileRef = 3DB9854A2AF694DD00E8FD1E /* CustomLabelStyle.swift */; };
/* End PBXBuildFile section */

/* Begin PBXContainerItemProxy section */
		3AEA9DB52AF4881A004E2FE1 /* PBXContainerItemProxy */ = {
			isa = PBXContainerItemProxy;
			containerPortal = 3AEA9D9B2AF48819004E2FE1 /* Project object */;
			proxyType = 1;
			remoteGlobalIDString = 3AEA9DA22AF48819004E2FE1;
			remoteInfo = TestSwiftUI;
		};
		3AEA9DBF2AF4881A004E2FE1 /* PBXContainerItemProxy */ = {
			isa = PBXContainerItemProxy;
			containerPortal = 3AEA9D9B2AF48819004E2FE1 /* Project object */;
			proxyType = 1;
			remoteGlobalIDString = 3AEA9DA22AF48819004E2FE1;
			remoteInfo = TestSwiftUI;
		};
/* End PBXContainerItemProxy section */

/* Begin PBXFileReference section */
		3A783BA52B0B402A009BB970 /* EventEditor.swift */ = {isa = PBXFileReference; lastKnownFileType = sourcecode.swift; path = EventEditor.swift; sourceTree = "<group>"; };
		3A783BA72B0B58A1009BB970 /* EventRow.swift */ = {isa = PBXFileReference; lastKnownFileType = sourcecode.swift; path = EventRow.swift; sourceTree = "<group>"; };
		3A783BA92B0B61B0009BB970 /* TaskRow.swift */ = {isa = PBXFileReference; lastKnownFileType = sourcecode.swift; path = TaskRow.swift; sourceTree = "<group>"; };
		3A8C3F412B0CA80B00A7BFFB /* EventDetail.swift */ = {isa = PBXFileReference; lastKnownFileType = sourcecode.swift; path = EventDetail.swift; sourceTree = "<group>"; };
		3ADD45D72AF4D6F3006FF4AC /* ListPageView.swift */ = {isa = PBXFileReference; lastKnownFileType = sourcecode.swift; path = ListPageView.swift; sourceTree = "<group>"; };
		3ADD45D92AF4E41C006FF4AC /* NavigationEnum.swift */ = {isa = PBXFileReference; lastKnownFileType = sourcecode.swift; path = NavigationEnum.swift; sourceTree = "<group>"; };
		3ADD45DB2AF4EA90006FF4AC /* NoDataView.swift */ = {isa = PBXFileReference; lastKnownFileType = sourcecode.swift; path = NoDataView.swift; sourceTree = "<group>"; };
		3AEA9DA32AF48819004E2FE1 /* TestSwiftUI.app */ = {isa = PBXFileReference; explicitFileType = wrapper.application; includeInIndex = 0; path = TestSwiftUI.app; sourceTree = BUILT_PRODUCTS_DIR; };
		3AEA9DA62AF48819004E2FE1 /* TestSwiftUIApp.swift */ = {isa = PBXFileReference; lastKnownFileType = sourcecode.swift; path = TestSwiftUIApp.swift; sourceTree = "<group>"; };
		3AEA9DA82AF48819004E2FE1 /* ContentView.swift */ = {isa = PBXFileReference; lastKnownFileType = sourcecode.swift; path = ContentView.swift; sourceTree = "<group>"; };
		3AEA9DAA2AF4881A004E2FE1 /* Assets.xcassets */ = {isa = PBXFileReference; lastKnownFileType = folder.assetcatalog; path = Assets.xcassets; sourceTree = "<group>"; };
		3AEA9DAC2AF4881A004E2FE1 /* TestSwiftUI.entitlements */ = {isa = PBXFileReference; lastKnownFileType = text.plist.entitlements; path = TestSwiftUI.entitlements; sourceTree = "<group>"; };
		3AEA9DAE2AF4881A004E2FE1 /* Preview Assets.xcassets */ = {isa = PBXFileReference; lastKnownFileType = folder.assetcatalog; path = "Preview Assets.xcassets"; sourceTree = "<group>"; };
		3AEA9DB42AF4881A004E2FE1 /* TestSwiftUITests.xctest */ = {isa = PBXFileReference; explicitFileType = wrapper.cfbundle; includeInIndex = 0; path = TestSwiftUITests.xctest; sourceTree = BUILT_PRODUCTS_DIR; };
		3AEA9DB82AF4881A004E2FE1 /* TestSwiftUITests.swift */ = {isa = PBXFileReference; lastKnownFileType = sourcecode.swift; path = TestSwiftUITests.swift; sourceTree = "<group>"; };
		3AEA9DBE2AF4881A004E2FE1 /* TestSwiftUIUITests.xctest */ = {isa = PBXFileReference; explicitFileType = wrapper.cfbundle; includeInIndex = 0; path = TestSwiftUIUITests.xctest; sourceTree = BUILT_PRODUCTS_DIR; };
		3AEA9DC22AF4881A004E2FE1 /* TestSwiftUIUITests.swift */ = {isa = PBXFileReference; lastKnownFileType = sourcecode.swift; path = TestSwiftUIUITests.swift; sourceTree = "<group>"; };
		3AEA9DC42AF4881A004E2FE1 /* TestSwiftUIUITestsLaunchTests.swift */ = {isa = PBXFileReference; lastKnownFileType = sourcecode.swift; path = TestSwiftUIUITestsLaunchTests.swift; sourceTree = "<group>"; };
		3AEA9DD12AF49213004E2FE1 /* HomeView.swift */ = {isa = PBXFileReference; lastKnownFileType = sourcecode.swift; path = HomeView.swift; sourceTree = "<group>"; };
		3AEA9DD32AF4923D004E2FE1 /* FunFactView.swift */ = {isa = PBXFileReference; lastKnownFileType = sourcecode.swift; path = FunFactView.swift; sourceTree = "<group>"; };
		3AEA9DD52AF49252004E2FE1 /* StoryView.swift */ = {isa = PBXFileReference; lastKnownFileType = sourcecode.swift; path = StoryView.swift; sourceTree = "<group>"; };
		3AEA9DD72AF4925F004E2FE1 /* FavoriteView.swift */ = {isa = PBXFileReference; lastKnownFileType = sourcecode.swift; path = FavoriteView.swift; sourceTree = "<group>"; };
		3AEA9DD92AF49437004E2FE1 /* Data.swift */ = {isa = PBXFileReference; lastKnownFileType = sourcecode.swift; path = Data.swift; sourceTree = "<group>"; };
		3DB9853B2AF6643600E8FD1E /* EventTask.swift */ = {isa = PBXFileReference; fileEncoding = 4; lastKnownFileType = sourcecode.swift; path = EventTask.swift; sourceTree = "<group>"; };
		3DB9853C2AF6643700E8FD1E /* Event.swift */ = {isa = PBXFileReference; fileEncoding = 4; lastKnownFileType = sourcecode.swift; path = Event.swift; sourceTree = "<group>"; };
		3DB9853D2AF6643700E8FD1E /* ColorOptions.swift */ = {isa = PBXFileReference; fileEncoding = 4; lastKnownFileType = sourcecode.swift; path = ColorOptions.swift; sourceTree = "<group>"; };
		3DB9853E2AF6643700E8FD1E /* EventSymbols.swift */ = {isa = PBXFileReference; fileEncoding = 4; lastKnownFileType = sourcecode.swift; path = EventSymbols.swift; sourceTree = "<group>"; };
		3DB985442AF67E9E00E8FD1E /* EventData.swift */ = {isa = PBXFileReference; lastKnownFileType = sourcecode.swift; path = EventData.swift; sourceTree = "<group>"; };
		3DB985462AF67EE300E8FD1E /* DatePlannerView.swift */ = {isa = PBXFileReference; lastKnownFileType = sourcecode.swift; path = DatePlannerView.swift; sourceTree = "<group>"; };
		3DB9854A2AF694DD00E8FD1E /* CustomLabelStyle.swift */ = {isa = PBXFileReference; lastKnownFileType = sourcecode.swift; path = CustomLabelStyle.swift; sourceTree = "<group>"; };
/* End PBXFileReference section */

/* Begin PBXFrameworksBuildPhase section */
		3AEA9DA02AF48819004E2FE1 /* Frameworks */ = {
			isa = PBXFrameworksBuildPhase;
			buildActionMask = 2147483647;
			files = (
			);
			runOnlyForDeploymentPostprocessing = 0;
		};
		3AEA9DB12AF4881A004E2FE1 /* Frameworks */ = {
			isa = PBXFrameworksBuildPhase;
			buildActionMask = 2147483647;
			files = (
			);
			runOnlyForDeploymentPostprocessing = 0;
		};
		3AEA9DBB2AF4881A004E2FE1 /* Frameworks */ = {
			isa = PBXFrameworksBuildPhase;
			buildActionMask = 2147483647;
			files = (
			);
			runOnlyForDeploymentPostprocessing = 0;
		};
/* End PBXFrameworksBuildPhase section */

/* Begin PBXGroup section */
		3AEA9D9A2AF48819004E2FE1 = {
			isa = PBXGroup;
			children = (
				3AEA9DA52AF48819004E2FE1 /* TestSwiftUI */,
				3AEA9DB72AF4881A004E2FE1 /* TestSwiftUITests */,
				3AEA9DC12AF4881A004E2FE1 /* TestSwiftUIUITests */,
				3AEA9DA42AF48819004E2FE1 /* Products */,
			);
			sourceTree = "<group>";
		};
		3AEA9DA42AF48819004E2FE1 /* Products */ = {
			isa = PBXGroup;
			children = (
				3AEA9DA32AF48819004E2FE1 /* TestSwiftUI.app */,
				3AEA9DB42AF4881A004E2FE1 /* TestSwiftUITests.xctest */,
				3AEA9DBE2AF4881A004E2FE1 /* TestSwiftUIUITests.xctest */,
			);
			name = Products;
			sourceTree = "<group>";
		};
		3AEA9DA52AF48819004E2FE1 /* TestSwiftUI */ = {
			isa = PBXGroup;
			children = (
				3AEA9DA62AF48819004E2FE1 /* TestSwiftUIApp.swift */,
				3AEA9DA82AF48819004E2FE1 /* ContentView.swift */,
				3D1C018F2AF5B6DF0083FC20 /* more */,
				3D1C01952AF5B7520083FC20 /* main */,
				3D1C01962AF5B7690083FC20 /* model */,
				3AEA9DAA2AF4881A004E2FE1 /* Assets.xcassets */,
				3AEA9DAC2AF4881A004E2FE1 /* TestSwiftUI.entitlements */,
				3AEA9DAD2AF4881A004E2FE1 /* Preview Content */,
			);
			path = TestSwiftUI;
			sourceTree = "<group>";
		};
		3AEA9DAD2AF4881A004E2FE1 /* Preview Content */ = {
			isa = PBXGroup;
			children = (
				3AEA9DAE2AF4881A004E2FE1 /* Preview Assets.xcassets */,
			);
			path = "Preview Content";
			sourceTree = "<group>";
		};
		3AEA9DB72AF4881A004E2FE1 /* TestSwiftUITests */ = {
			isa = PBXGroup;
			children = (
				3AEA9DB82AF4881A004E2FE1 /* TestSwiftUITests.swift */,
			);
			path = TestSwiftUITests;
			sourceTree = "<group>";
		};
		3AEA9DC12AF4881A004E2FE1 /* TestSwiftUIUITests */ = {
			isa = PBXGroup;
			children = (
				3AEA9DC22AF4881A004E2FE1 /* TestSwiftUIUITests.swift */,
				3AEA9DC42AF4881A004E2FE1 /* TestSwiftUIUITestsLaunchTests.swift */,
			);
			path = TestSwiftUIUITests;
			sourceTree = "<group>";
		};
		3D1C018F2AF5B6DF0083FC20 /* more */ = {
			isa = PBXGroup;
			children = (
				3D1C01942AF5B72B0083FC20 /* LayingOutView */,
				3D1C01932AF5B71D0083FC20 /* ImageGallary */,
				3D1C01922AF5B70F0083FC20 /* EditingGrid */,
				3D1C01912AF5B6FF0083FC20 /* OrganizingWithGrid */,
				3D1C01902AF5B6EF0083FC20 /* DatePlanner */,
			);
			path = more;
			sourceTree = "<group>";
		};
		3D1C01902AF5B6EF0083FC20 /* DatePlanner */ = {
			isa = PBXGroup;
			children = (
				3DB985432AF67D8900E8FD1E /* views */,
				3D1C01972AF607FE0083FC20 /* model */,
			);
			path = DatePlanner;
			sourceTree = "<group>";
		};
		3D1C01912AF5B6FF0083FC20 /* OrganizingWithGrid */ = {
			isa = PBXGroup;
			children = (
			);
			path = OrganizingWithGrid;
			sourceTree = "<group>";
		};
		3D1C01922AF5B70F0083FC20 /* EditingGrid */ = {
			isa = PBXGroup;
			children = (
			);
			path = EditingGrid;
			sourceTree = "<group>";
		};
		3D1C01932AF5B71D0083FC20 /* ImageGallary */ = {
			isa = PBXGroup;
			children = (
			);
			path = ImageGallary;
			sourceTree = "<group>";
		};
		3D1C01942AF5B72B0083FC20 /* LayingOutView */ = {
			isa = PBXGroup;
			children = (
			);
			path = LayingOutView;
			sourceTree = "<group>";
		};
		3D1C01952AF5B7520083FC20 /* main */ = {
			isa = PBXGroup;
			children = (
				3ADD45DB2AF4EA90006FF4AC /* NoDataView.swift */,
				3AEA9DD12AF49213004E2FE1 /* HomeView.swift */,
				3ADD45D72AF4D6F3006FF4AC /* ListPageView.swift */,
				3AEA9DD32AF4923D004E2FE1 /* FunFactView.swift */,
				3AEA9DD52AF49252004E2FE1 /* StoryView.swift */,
				3AEA9DD72AF4925F004E2FE1 /* FavoriteView.swift */,
			);
			path = main;
			sourceTree = "<group>";
		};
		3D1C01962AF5B7690083FC20 /* model */ = {
			isa = PBXGroup;
			children = (
				3AEA9DD92AF49437004E2FE1 /* Data.swift */,
				3ADD45D92AF4E41C006FF4AC /* NavigationEnum.swift */,
			);
			path = model;
			sourceTree = "<group>";
		};
		3D1C01972AF607FE0083FC20 /* model */ = {
			isa = PBXGroup;
			children = (
				3DB9853D2AF6643700E8FD1E /* ColorOptions.swift */,
				3DB985442AF67E9E00E8FD1E /* EventData.swift */,
				3DB9853C2AF6643700E8FD1E /* Event.swift */,
				3DB9853E2AF6643700E8FD1E /* EventSymbols.swift */,
				3DB9853B2AF6643600E8FD1E /* EventTask.swift */,
			);
			path = model;
			sourceTree = "<group>";
		};
		3DB985432AF67D8900E8FD1E /* views */ = {
			isa = PBXGroup;
			children = (
				3DB985462AF67EE300E8FD1E /* DatePlannerView.swift */,
				3DB9854A2AF694DD00E8FD1E /* CustomLabelStyle.swift */,
				3A783BA52B0B402A009BB970 /* EventEditor.swift */,
				3A783BA92B0B61B0009BB970 /* TaskRow.swift */,
				3A8C3F412B0CA80B00A7BFFB /* EventDetail.swift */,
				3A783BA72B0B58A1009BB970 /* EventRow.swift */,
			);
			path = views;
			sourceTree = "<group>";
		};
/* End PBXGroup section */

/* Begin PBXNativeTarget section */
		3AEA9DA22AF48819004E2FE1 /* TestSwiftUI */ = {
			isa = PBXNativeTarget;
			buildConfigurationList = 3AEA9DC82AF4881A004E2FE1 /* Build configuration list for PBXNativeTarget "TestSwiftUI" */;
			buildPhases = (
				3AEA9D9F2AF48819004E2FE1 /* Sources */,
				3AEA9DA02AF48819004E2FE1 /* Frameworks */,
				3AEA9DA12AF48819004E2FE1 /* Resources */,
			);
			buildRules = (
			);
			dependencies = (
			);
			name = TestSwiftUI;
			productName = TestSwiftUI;
			productReference = 3AEA9DA32AF48819004E2FE1 /* TestSwiftUI.app */;
			productType = "com.apple.product-type.application";
		};
		3AEA9DB32AF4881A004E2FE1 /* TestSwiftUITests */ = {
			isa = PBXNativeTarget;
			buildConfigurationList = 3AEA9DCB2AF4881A004E2FE1 /* Build configuration list for PBXNativeTarget "TestSwiftUITests" */;
			buildPhases = (
				3AEA9DB02AF4881A004E2FE1 /* Sources */,
				3AEA9DB12AF4881A004E2FE1 /* Frameworks */,
				3AEA9DB22AF4881A004E2FE1 /* Resources */,
			);
			buildRules = (
			);
			dependencies = (
				3AEA9DB62AF4881A004E2FE1 /* PBXTargetDependency */,
			);
			name = TestSwiftUITests;
			productName = TestSwiftUITests;
			productReference = 3AEA9DB42AF4881A004E2FE1 /* TestSwiftUITests.xctest */;
			productType = "com.apple.product-type.bundle.unit-test";
		};
		3AEA9DBD2AF4881A004E2FE1 /* TestSwiftUIUITests */ = {
			isa = PBXNativeTarget;
			buildConfigurationList = 3AEA9DCE2AF4881A004E2FE1 /* Build configuration list for PBXNativeTarget "TestSwiftUIUITests" */;
			buildPhases = (
				3AEA9DBA2AF4881A004E2FE1 /* Sources */,
				3AEA9DBB2AF4881A004E2FE1 /* Frameworks */,
				3AEA9DBC2AF4881A004E2FE1 /* Resources */,
			);
			buildRules = (
			);
			dependencies = (
				3AEA9DC02AF4881A004E2FE1 /* PBXTargetDependency */,
			);
			name = TestSwiftUIUITests;
			productName = TestSwiftUIUITests;
			productReference = 3AEA9DBE2AF4881A004E2FE1 /* TestSwiftUIUITests.xctest */;
			productType = "com.apple.product-type.bundle.ui-testing";
		};
/* End PBXNativeTarget section */

/* Begin PBXProject section */
		3AEA9D9B2AF48819004E2FE1 /* Project object */ = {
			isa = PBXProject;
			attributes = {
				BuildIndependentTargetsInParallel = 1;
				LastSwiftUpdateCheck = 1420;
				LastUpgradeCheck = 1420;
				TargetAttributes = {
					3AEA9DA22AF48819004E2FE1 = {
						CreatedOnToolsVersion = 14.2;
					};
					3AEA9DB32AF4881A004E2FE1 = {
						CreatedOnToolsVersion = 14.2;
						TestTargetID = 3AEA9DA22AF48819004E2FE1;
					};
					3AEA9DBD2AF4881A004E2FE1 = {
						CreatedOnToolsVersion = 14.2;
						TestTargetID = 3AEA9DA22AF48819004E2FE1;
					};
				};
			};
			buildConfigurationList = 3AEA9D9E2AF48819004E2FE1 /* Build configuration list for PBXProject "TestSwiftUI" */;
			compatibilityVersion = "Xcode 14.0";
			developmentRegion = en;
			hasScannedForEncodings = 0;
			knownRegions = (
				en,
				Base,
			);
			mainGroup = 3AEA9D9A2AF48819004E2FE1;
			productRefGroup = 3AEA9DA42AF48819004E2FE1 /* Products */;
			projectDirPath = "";
			projectRoot = "";
			targets = (
				3AEA9DA22AF48819004E2FE1 /* TestSwiftUI */,
				3AEA9DB32AF4881A004E2FE1 /* TestSwiftUITests */,
				3AEA9DBD2AF4881A004E2FE1 /* TestSwiftUIUITests */,
			);
		};
/* End PBXProject section */

/* Begin PBXResourcesBuildPhase section */
		3AEA9DA12AF48819004E2FE1 /* Resources */ = {
			isa = PBXResourcesBuildPhase;
			buildActionMask = 2147483647;
			files = (
				3AEA9DAF2AF4881A004E2FE1 /* Preview Assets.xcassets in Resources */,
				3AEA9DAB2AF4881A004E2FE1 /* Assets.xcassets in Resources */,
			);
			runOnlyForDeploymentPostprocessing = 0;
		};
		3AEA9DB22AF4881A004E2FE1 /* Resources */ = {
			isa = PBXResourcesBuildPhase;
			buildActionMask = 2147483647;
			files = (
			);
			runOnlyForDeploymentPostprocessing = 0;
		};
		3AEA9DBC2AF4881A004E2FE1 /* Resources */ = {
			isa = PBXResourcesBuildPhase;
			buildActionMask = 2147483647;
			files = (
			);
			runOnlyForDeploymentPostprocessing = 0;
		};
/* End PBXResourcesBuildPhase section */

/* Begin PBXSourcesBuildPhase section */
		3AEA9D9F2AF48819004E2FE1 /* Sources */ = {
			isa = PBXSourcesBuildPhase;
			buildActionMask = 2147483647;
			files = (
				3DB985422AF6643700E8FD1E /* EventSymbols.swift in Sources */,
				3AEA9DDA2AF49437004E2FE1 /* Data.swift in Sources */,
				3DB985452AF67E9E00E8FD1E /* EventData.swift in Sources */,
				3ADD45D82AF4D6F3006FF4AC /* ListPageView.swift in Sources */,
				3AEA9DD62AF49252004E2FE1 /* StoryView.swift in Sources */,
				3ADD45DA2AF4E41C006FF4AC /* NavigationEnum.swift in Sources */,
				3DB985402AF6643700E8FD1E /* Event.swift in Sources */,
				3AEA9DD22AF49213004E2FE1 /* HomeView.swift in Sources */,
				3A783BA82B0B58A1009BB970 /* EventRow.swift in Sources */,
				3DB985412AF6643700E8FD1E /* ColorOptions.swift in Sources */,
				3DB9854B2AF694DD00E8FD1E /* CustomLabelStyle.swift in Sources */,
				3DB985472AF67EE300E8FD1E /* DatePlannerView.swift in Sources */,
				3A783BA62B0B402A009BB970 /* EventEditor.swift in Sources */,
				3ADD45DC2AF4EA90006FF4AC /* NoDataView.swift in Sources */,
				3A8C3F422B0CA80B00A7BFFB /* EventDetail.swift in Sources */,
				3DB9853F2AF6643700E8FD1E /* EventTask.swift in Sources */,
				3A783BAA2B0B61B0009BB970 /* TaskRow.swift in Sources */,
				3AEA9DA92AF48819004E2FE1 /* ContentView.swift in Sources */,
				3AEA9DD42AF4923D004E2FE1 /* FunFactView.swift in Sources */,
				3AEA9DD82AF4925F004E2FE1 /* FavoriteView.swift in Sources */,
				3AEA9DA72AF48819004E2FE1 /* TestSwiftUIApp.swift in Sources */,
			);
			runOnlyForDeploymentPostprocessing = 0;
		};
		3AEA9DB02AF4881A004E2FE1 /* Sources */ = {
			isa = PBXSourcesBuildPhase;
			buildActionMask = 2147483647;
			files = (
				3AEA9DB92AF4881A004E2FE1 /* TestSwiftUITests.swift in Sources */,
			);
			runOnlyForDeploymentPostprocessing = 0;
		};
		3AEA9DBA2AF4881A004E2FE1 /* Sources */ = {
			isa = PBXSourcesBuildPhase;
			buildActionMask = 2147483647;
			files = (
				3AEA9DC52AF4881A004E2FE1 /* TestSwiftUIUITestsLaunchTests.swift in Sources */,
				3AEA9DC32AF4881A004E2FE1 /* TestSwiftUIUITests.swift in Sources */,
			);
			runOnlyForDeploymentPostprocessing = 0;
		};
/* End PBXSourcesBuildPhase section */

/* Begin PBXTargetDependency section */
		3AEA9DB62AF4881A004E2FE1 /* PBXTargetDependency */ = {
			isa = PBXTargetDependency;
			target = 3AEA9DA22AF48819004E2FE1 /* TestSwiftUI */;
			targetProxy = 3AEA9DB52AF4881A004E2FE1 /* PBXContainerItemProxy */;
		};
		3AEA9DC02AF4881A004E2FE1 /* PBXTargetDependency */ = {
			isa = PBXTargetDependency;
			target = 3AEA9DA22AF48819004E2FE1 /* TestSwiftUI */;
			targetProxy = 3AEA9DBF2AF4881A004E2FE1 /* PBXContainerItemProxy */;
		};
/* End PBXTargetDependency section */

/* Begin XCBuildConfiguration section */
		3AEA9DC62AF4881A004E2FE1 /* Debug */ = {
			isa = XCBuildConfiguration;
			buildSettings = {
				ALWAYS_SEARCH_USER_PATHS = NO;
				CLANG_ANALYZER_NONNULL = YES;
				CLANG_ANALYZER_NUMBER_OBJECT_CONVERSION = YES_AGGRESSIVE;
				CLANG_CXX_LANGUAGE_STANDARD = "gnu++20";
				CLANG_ENABLE_MODULES = YES;
				CLANG_ENABLE_OBJC_ARC = YES;
				CLANG_ENABLE_OBJC_WEAK = YES;
				CLANG_WARN_BLOCK_CAPTURE_AUTORELEASING = YES;
				CLANG_WARN_BOOL_CONVERSION = YES;
				CLANG_WARN_COMMA = YES;
				CLANG_WARN_CONSTANT_CONVERSION = YES;
				CLANG_WARN_DEPRECATED_OBJC_IMPLEMENTATIONS = YES;
				CLANG_WARN_DIRECT_OBJC_ISA_USAGE = YES_ERROR;
				CLANG_WARN_DOCUMENTATION_COMMENTS = YES;
				CLANG_WARN_EMPTY_BODY = YES;
				CLANG_WARN_ENUM_CONVERSION = YES;
				CLANG_WARN_INFINITE_RECURSION = YES;
				CLANG_WARN_INT_CONVERSION = YES;
				CLANG_WARN_NON_LITERAL_NULL_CONVERSION = YES;
				CLANG_WARN_OBJC_IMPLICIT_RETAIN_SELF = YES;
				CLANG_WARN_OBJC_LITERAL_CONVERSION = YES;
				CLANG_WARN_OBJC_ROOT_CLASS = YES_ERROR;
				CLANG_WARN_QUOTED_INCLUDE_IN_FRAMEWORK_HEADER = YES;
				CLANG_WARN_RANGE_LOOP_ANALYSIS = YES;
				CLANG_WARN_STRICT_PROTOTYPES = YES;
				CLANG_WARN_SUSPICIOUS_MOVE = YES;
				CLANG_WARN_UNGUARDED_AVAILABILITY = YES_AGGRESSIVE;
				CLANG_WARN_UNREACHABLE_CODE = YES;
				CLANG_WARN__DUPLICATE_METHOD_MATCH = YES;
				COPY_PHASE_STRIP = NO;
				DEBUG_INFORMATION_FORMAT = dwarf;
				ENABLE_STRICT_OBJC_MSGSEND = YES;
				ENABLE_TESTABILITY = YES;
				GCC_C_LANGUAGE_STANDARD = gnu11;
				GCC_DYNAMIC_NO_PIC = NO;
				GCC_NO_COMMON_BLOCKS = YES;
				GCC_OPTIMIZATION_LEVEL = 0;
				GCC_PREPROCESSOR_DEFINITIONS = (
					"DEBUG=1",
					"$(inherited)",
				);
				GCC_WARN_64_TO_32_BIT_CONVERSION = YES;
				GCC_WARN_ABOUT_RETURN_TYPE = YES_ERROR;
				GCC_WARN_UNDECLARED_SELECTOR = YES;
				GCC_WARN_UNINITIALIZED_AUTOS = YES_AGGRESSIVE;
				GCC_WARN_UNUSED_FUNCTION = YES;
				GCC_WARN_UNUSED_VARIABLE = YES;
				MTL_ENABLE_DEBUG_INFO = INCLUDE_SOURCE;
				MTL_FAST_MATH = YES;
				ONLY_ACTIVE_ARCH = YES;
				SWIFT_ACTIVE_COMPILATION_CONDITIONS = DEBUG;
				SWIFT_OPTIMIZATION_LEVEL = "-Onone";
			};
			name = Debug;
		};
		3AEA9DC72AF4881A004E2FE1 /* Release */ = {
			isa = XCBuildConfiguration;
			buildSettings = {
				ALWAYS_SEARCH_USER_PATHS = NO;
				CLANG_ANALYZER_NONNULL = YES;
				CLANG_ANALYZER_NUMBER_OBJECT_CONVERSION = YES_AGGRESSIVE;
				CLANG_CXX_LANGUAGE_STANDARD = "gnu++20";
				CLANG_ENABLE_MODULES = YES;
				CLANG_ENABLE_OBJC_ARC = YES;
				CLANG_ENABLE_OBJC_WEAK = YES;
				CLANG_WARN_BLOCK_CAPTURE_AUTORELEASING = YES;
				CLANG_WARN_BOOL_CONVERSION = YES;
				CLANG_WARN_COMMA = YES;
				CLANG_WARN_CONSTANT_CONVERSION = YES;
				CLANG_WARN_DEPRECATED_OBJC_IMPLEMENTATIONS = YES;
				CLANG_WARN_DIRECT_OBJC_ISA_USAGE = YES_ERROR;
				CLANG_WARN_DOCUMENTATION_COMMENTS = YES;
				CLANG_WARN_EMPTY_BODY = YES;
				CLANG_WARN_ENUM_CONVERSION = YES;
				CLANG_WARN_INFINITE_RECURSION = YES;
				CLANG_WARN_INT_CONVERSION = YES;
				CLANG_WARN_NON_LITERAL_NULL_CONVERSION = YES;
				CLANG_WARN_OBJC_IMPLICIT_RETAIN_SELF = YES;
				CLANG_WARN_OBJC_LITERAL_CONVERSION = YES;
				CLANG_WARN_OBJC_ROOT_CLASS = YES_ERROR;
				CLANG_WARN_QUOTED_INCLUDE_IN_FRAMEWORK_HEADER = YES;
				CLANG_WARN_RANGE_LOOP_ANALYSIS = YES;
				CLANG_WARN_STRICT_PROTOTYPES = YES;
				CLANG_WARN_SUSPICIOUS_MOVE = YES;
				CLANG_WARN_UNGUARDED_AVAILABILITY = YES_AGGRESSIVE;
				CLANG_WARN_UNREACHABLE_CODE = YES;
				CLANG_WARN__DUPLICATE_METHOD_MATCH = YES;
				COPY_PHASE_STRIP = NO;
				DEBUG_INFORMATION_FORMAT = "dwarf-with-dsym";
				ENABLE_NS_ASSERTIONS = NO;
				ENABLE_STRICT_OBJC_MSGSEND = YES;
				GCC_C_LANGUAGE_STANDARD = gnu11;
				GCC_NO_COMMON_BLOCKS = YES;
				GCC_WARN_64_TO_32_BIT_CONVERSION = YES;
				GCC_WARN_ABOUT_RETURN_TYPE = YES_ERROR;
				GCC_WARN_UNDECLARED_SELECTOR = YES;
				GCC_WARN_UNINITIALIZED_AUTOS = YES_AGGRESSIVE;
				GCC_WARN_UNUSED_FUNCTION = YES;
				GCC_WARN_UNUSED_VARIABLE = YES;
				MTL_ENABLE_DEBUG_INFO = NO;
				MTL_FAST_MATH = YES;
				SWIFT_COMPILATION_MODE = wholemodule;
				SWIFT_OPTIMIZATION_LEVEL = "-O";
			};
			name = Release;
		};
		3AEA9DC92AF4881A004E2FE1 /* Debug */ = {
			isa = XCBuildConfiguration;
			buildSettings = {
				ASSETCATALOG_COMPILER_APPICON_NAME = AppIcon;
				ASSETCATALOG_COMPILER_GLOBAL_ACCENT_COLOR_NAME = AccentColor;
				CODE_SIGN_ENTITLEMENTS = TestSwiftUI/TestSwiftUI.entitlements;
				CODE_SIGN_STYLE = Automatic;
				CURRENT_PROJECT_VERSION = 1;
				DEVELOPMENT_ASSET_PATHS = "\"TestSwiftUI/Preview Content\"";
				DEVELOPMENT_TEAM = 32483KQ8R6;
				ENABLE_HARDENED_RUNTIME = YES;
				ENABLE_PREVIEWS = YES;
				GENERATE_INFOPLIST_FILE = YES;
				"INFOPLIST_KEY_UIApplicationSceneManifest_Generation[sdk=iphoneos*]" = YES;
				"INFOPLIST_KEY_UIApplicationSceneManifest_Generation[sdk=iphonesimulator*]" = YES;
				"INFOPLIST_KEY_UIApplicationSupportsIndirectInputEvents[sdk=iphoneos*]" = YES;
				"INFOPLIST_KEY_UIApplicationSupportsIndirectInputEvents[sdk=iphonesimulator*]" = YES;
				"INFOPLIST_KEY_UILaunchScreen_Generation[sdk=iphoneos*]" = YES;
				"INFOPLIST_KEY_UILaunchScreen_Generation[sdk=iphonesimulator*]" = YES;
				"INFOPLIST_KEY_UIStatusBarStyle[sdk=iphoneos*]" = UIStatusBarStyleDefault;
				"INFOPLIST_KEY_UIStatusBarStyle[sdk=iphonesimulator*]" = UIStatusBarStyleDefault;
				INFOPLIST_KEY_UISupportedInterfaceOrientations_iPad = "UIInterfaceOrientationPortrait UIInterfaceOrientationPortraitUpsideDown UIInterfaceOrientationLandscapeLeft UIInterfaceOrientationLandscapeRight";
				INFOPLIST_KEY_UISupportedInterfaceOrientations_iPhone = "UIInterfaceOrientationPortrait UIInterfaceOrientationLandscapeLeft UIInterfaceOrientationLandscapeRight";
				IPHONEOS_DEPLOYMENT_TARGET = 16.2;
				LD_RUNPATH_SEARCH_PATHS = "@executable_path/Frameworks";
				"LD_RUNPATH_SEARCH_PATHS[sdk=macosx*]" = "@executable_path/../Frameworks";
				MACOSX_DEPLOYMENT_TARGET = 13.1;
				MARKETING_VERSION = 1.0;
				PRODUCT_BUNDLE_IDENTIFIER = com.bruce.TestSwiftUI;
				PRODUCT_NAME = "$(TARGET_NAME)";
				SDKROOT = auto;
				SUPPORTED_PLATFORMS = "iphoneos iphonesimulator macosx";
				SWIFT_EMIT_LOC_STRINGS = YES;
				SWIFT_VERSION = 5.0;
				TARGETED_DEVICE_FAMILY = "1,2";
			};
			name = Debug;
		};
		3AEA9DCA2AF4881A004E2FE1 /* Release */ = {
			isa = XCBuildConfiguration;
			buildSettings = {
				ASSETCATALOG_COMPILER_APPICON_NAME = AppIcon;
				ASSETCATALOG_COMPILER_GLOBAL_ACCENT_COLOR_NAME = AccentColor;
				CODE_SIGN_ENTITLEMENTS = TestSwiftUI/TestSwiftUI.entitlements;
				CODE_SIGN_STYLE = Automatic;
				CURRENT_PROJECT_VERSION = 1;
				DEVELOPMENT_ASSET_PATHS = "\"TestSwiftUI/Preview Content\"";
				DEVELOPMENT_TEAM = 32483KQ8R6;
				ENABLE_HARDENED_RUNTIME = YES;
				ENABLE_PREVIEWS = YES;
				GENERATE_INFOPLIST_FILE = YES;
				"INFOPLIST_KEY_UIApplicationSceneManifest_Generation[sdk=iphoneos*]" = YES;
				"INFOPLIST_KEY_UIApplicationSceneManifest_Generation[sdk=iphonesimulator*]" = YES;
				"INFOPLIST_KEY_UIApplicationSupportsIndirectInputEvents[sdk=iphoneos*]" = YES;
				"INFOPLIST_KEY_UIApplicationSupportsIndirectInputEvents[sdk=iphonesimulator*]" = YES;
				"INFOPLIST_KEY_UILaunchScreen_Generation[sdk=iphoneos*]" = YES;
				"INFOPLIST_KEY_UILaunchScreen_Generation[sdk=iphonesimulator*]" = YES;
				"INFOPLIST_KEY_UIStatusBarStyle[sdk=iphoneos*]" = UIStatusBarStyleDefault;
				"INFOPLIST_KEY_UIStatusBarStyle[sdk=iphonesimulator*]" = UIStatusBarStyleDefault;
				INFOPLIST_KEY_UISupportedInterfaceOrientations_iPad = "UIInterfaceOrientationPortrait UIInterfaceOrientationPortraitUpsideDown UIInterfaceOrientationLandscapeLeft UIInterfaceOrientationLandscapeRight";
				INFOPLIST_KEY_UISupportedInterfaceOrientations_iPhone = "UIInterfaceOrientationPortrait UIInterfaceOrientationLandscapeLeft UIInterfaceOrientationLandscapeRight";
				IPHONEOS_DEPLOYMENT_TARGET = 16.2;
				LD_RUNPATH_SEARCH_PATHS = "@executable_path/Frameworks";
				"LD_RUNPATH_SEARCH_PATHS[sdk=macosx*]" = "@executable_path/../Frameworks";
				MACOSX_DEPLOYMENT_TARGET = 13.1;
				MARKETING_VERSION = 1.0;
				PRODUCT_BUNDLE_IDENTIFIER = com.bruce.TestSwiftUI;
				PRODUCT_NAME = "$(TARGET_NAME)";
				SDKROOT = auto;
				SUPPORTED_PLATFORMS = "iphoneos iphonesimulator macosx";
				SWIFT_EMIT_LOC_STRINGS = YES;
				SWIFT_VERSION = 5.0;
				TARGETED_DEVICE_FAMILY = "1,2";
			};
			name = Release;
		};
		3AEA9DCC2AF4881A004E2FE1 /* Debug */ = {
			isa = XCBuildConfiguration;
			buildSettings = {
				ALWAYS_EMBED_SWIFT_STANDARD_LIBRARIES = YES;
				BUNDLE_LOADER = "$(TEST_HOST)";
				CODE_SIGN_STYLE = Automatic;
				CURRENT_PROJECT_VERSION = 1;
				DEVELOPMENT_TEAM = 32483KQ8R6;
				GENERATE_INFOPLIST_FILE = YES;
				IPHONEOS_DEPLOYMENT_TARGET = 16.2;
				MACOSX_DEPLOYMENT_TARGET = 13.1;
				MARKETING_VERSION = 1.0;
				PRODUCT_BUNDLE_IDENTIFIER = com.bruce.TestSwiftUITests;
				PRODUCT_NAME = "$(TARGET_NAME)";
				SDKROOT = auto;
				SUPPORTED_PLATFORMS = "iphoneos iphonesimulator macosx";
				SWIFT_EMIT_LOC_STRINGS = NO;
				SWIFT_VERSION = 5.0;
				TARGETED_DEVICE_FAMILY = "1,2";
				TEST_HOST = "$(BUILT_PRODUCTS_DIR)/TestSwiftUI.app/$(BUNDLE_EXECUTABLE_FOLDER_PATH)/TestSwiftUI";
			};
			name = Debug;
		};
		3AEA9DCD2AF4881A004E2FE1 /* Release */ = {
			isa = XCBuildConfiguration;
			buildSettings = {
				ALWAYS_EMBED_SWIFT_STANDARD_LIBRARIES = YES;
				BUNDLE_LOADER = "$(TEST_HOST)";
				CODE_SIGN_STYLE = Automatic;
				CURRENT_PROJECT_VERSION = 1;
				DEVELOPMENT_TEAM = 32483KQ8R6;
				GENERATE_INFOPLIST_FILE = YES;
				IPHONEOS_DEPLOYMENT_TARGET = 16.2;
				MACOSX_DEPLOYMENT_TARGET = 13.1;
				MARKETING_VERSION = 1.0;
				PRODUCT_BUNDLE_IDENTIFIER = com.bruce.TestSwiftUITests;
				PRODUCT_NAME = "$(TARGET_NAME)";
				SDKROOT = auto;
				SUPPORTED_PLATFORMS = "iphoneos iphonesimulator macosx";
				SWIFT_EMIT_LOC_STRINGS = NO;
				SWIFT_VERSION = 5.0;
				TARGETED_DEVICE_FAMILY = "1,2";
				TEST_HOST = "$(BUILT_PRODUCTS_DIR)/TestSwiftUI.app/$(BUNDLE_EXECUTABLE_FOLDER_PATH)/TestSwiftUI";
			};
			name = Release;
		};
		3AEA9DCF2AF4881A004E2FE1 /* Debug */ = {
			isa = XCBuildConfiguration;
			buildSettings = {
				ALWAYS_EMBED_SWIFT_STANDARD_LIBRARIES = YES;
				CODE_SIGN_STYLE = Automatic;
				CURRENT_PROJECT_VERSION = 1;
				DEVELOPMENT_TEAM = 32483KQ8R6;
				GENERATE_INFOPLIST_FILE = YES;
				IPHONEOS_DEPLOYMENT_TARGET = 16.2;
				MACOSX_DEPLOYMENT_TARGET = 13.1;
				MARKETING_VERSION = 1.0;
				PRODUCT_BUNDLE_IDENTIFIER = com.bruce.TestSwiftUIUITests;
				PRODUCT_NAME = "$(TARGET_NAME)";
				SDKROOT = auto;
				SUPPORTED_PLATFORMS = "iphoneos iphonesimulator macosx";
				SWIFT_EMIT_LOC_STRINGS = NO;
				SWIFT_VERSION = 5.0;
				TARGETED_DEVICE_FAMILY = "1,2";
				TEST_TARGET_NAME = TestSwiftUI;
			};
			name = Debug;
		};
		3AEA9DD02AF4881A004E2FE1 /* Release */ = {
			isa = XCBuildConfiguration;
			buildSettings = {
				ALWAYS_EMBED_SWIFT_STANDARD_LIBRARIES = YES;
				CODE_SIGN_STYLE = Automatic;
				CURRENT_PROJECT_VERSION = 1;
				DEVELOPMENT_TEAM = 32483KQ8R6;
				GENERATE_INFOPLIST_FILE = YES;
				IPHONEOS_DEPLOYMENT_TARGET = 16.2;
				MACOSX_DEPLOYMENT_TARGET = 13.1;
				MARKETING_VERSION = 1.0;
				PRODUCT_BUNDLE_IDENTIFIER = com.bruce.TestSwiftUIUITests;
				PRODUCT_NAME = "$(TARGET_NAME)";
				SDKROOT = auto;
				SUPPORTED_PLATFORMS = "iphoneos iphonesimulator macosx";
				SWIFT_EMIT_LOC_STRINGS = NO;
				SWIFT_VERSION = 5.0;
				TARGETED_DEVICE_FAMILY = "1,2";
				TEST_TARGET_NAME = TestSwiftUI;
			};
			name = Release;
		};
/* End XCBuildConfiguration section */

/* Begin XCConfigurationList section */
		3AEA9D9E2AF48819004E2FE1 /* Build configuration list for PBXProject "TestSwiftUI" */ = {
			isa = XCConfigurationList;
			buildConfigurations = (
				3AEA9DC62AF4881A004E2FE1 /* Debug */,
				3AEA9DC72AF4881A004E2FE1 /* Release */,
			);
			defaultConfigurationIsVisible = 0;
			defaultConfigurationName = Release;
		};
		3AEA9DC82AF4881A004E2FE1 /* Build configuration list for PBXNativeTarget "TestSwiftUI" */ = {
			isa = XCConfigurationList;
			buildConfigurations = (
				3AEA9DC92AF4881A004E2FE1 /* Debug */,
				3AEA9DCA2AF4881A004E2FE1 /* Release */,
			);
			defaultConfigurationIsVisible = 0;
			defaultConfigurationName = Release;
		};
		3AEA9DCB2AF4881A004E2FE1 /* Build configuration list for PBXNativeTarget "TestSwiftUITests" */ = {
			isa = XCConfigurationList;
			buildConfigurations = (
				3AEA9DCC2AF4881A004E2FE1 /* Debug */,
				3AEA9DCD2AF4881A004E2FE1 /* Release */,
			);
			defaultConfigurationIsVisible = 0;
			defaultConfigurationName = Release;
		};
		3AEA9DCE2AF4881A004E2FE1 /* Build configuration list for PBXNativeTarget "TestSwiftUIUITests" */ = {
			isa = XCConfigurationList;
			buildConfigurations = (
				3AEA9DCF2AF4881A004E2FE1 /* Debug */,
				3AEA9DD02AF4881A004E2FE1 /* Release */,
			);
			defaultConfigurationIsVisible = 0;
			defaultConfigurationName = Release;
		};
/* End XCConfigurationList section */
	};
	rootObject = 3AEA9D9B2AF48819004E2FE1 /* Project object */;
}
